
Microsoft Visual Studio Solution File, Format Version 12.00
# Visual Studio 2012
Project("{FAE04EC0-301F-11D3-BF4B-00C04F79EFBC}") = "HexagonyColorer", "Src\HexagonyColorer.csproj", "{9BC5B2EF-C936-480A-A63D-A78BA455CA61}"
EndProject
Global
	GlobalSection(SolutionConfigurationPlatforms) = preSolution
		Debug|Any CPU = Debug|Any CPU
		Debug|x86 = Debug|x86
		DebugUnsafe|Any CPU = DebugUnsafe|Any CPU
		DebugUnsafe|x86 = DebugUnsafe|x86
		Release|Any CPU = Release|Any CPU
		Release|x86 = Release|x86
		ReleaseUnsafe|Any CPU = ReleaseUnsafe|Any CPU
		ReleaseUnsafe|x86 = ReleaseUnsafe|x86
	EndGlobalSection
	GlobalSection(ProjectConfigurationPlatforms) = postSolution
		{9BC5B2EF-C936-480A-A63D-A78BA455CA61}.Debug|Any CPU.ActiveCfg = Debug|Any CPU
		{9BC5B2EF-C936-480A-A63D-A78BA455CA61}.Debug|Any CPU.Build.0 = Debug|Any CPU
		{9BC5B2EF-C936-480A-A63D-A78BA455CA61}.Debug|x86.ActiveCfg = Debug|Any CPU
		{9BC5B2EF-C936-480A-A63D-A78BA455CA61}.DebugUnsafe|Any CPU.ActiveCfg = Debug|Any CPU
		{9BC5B2EF-C936-480A-A63D-A78BA455CA61}.DebugUnsafe|Any CPU.Build.0 = Debug|Any CPU
		{9BC5B2EF-C936-480A-A63D-A78BA455CA61}.DebugUnsafe|x86.ActiveCfg = Debug|Any CPU
		{9BC5B2EF-C936-480A-A63D-A78BA455CA61}.Release|Any CPU.ActiveCfg = Release|Any CPU
		{9BC5B2EF-C936-480A-A63D-A78BA455CA61}.Release|Any CPU.Build.0 = Release|Any CPU
		{9BC5B2EF-C936-480A-A63D-A78BA455CA61}.Release|x86.ActiveCfg = Release|Any CPU
		{9BC5B2EF-C936-480A-A63D-A78BA455CA61}.ReleaseUnsafe|Any CPU.ActiveCfg = Release|Any CPU
		{9BC5B2EF-C936-480A-A63D-A78BA455CA61}.ReleaseUnsafe|Any CPU.Build.0 = Release|Any CPU
		{9BC5B2EF-C936-480A-A63D-A78BA455CA61}.ReleaseUnsafe|x86.ActiveCfg = Release|Any CPU
	EndGlobalSection
	GlobalSection(SolutionProperties) = preSolution
		HideSolutionNode = FALSE
	EndGlobalSection
EndGlobal
